
Microsoft Visual Studio Solution File, Format Version 12.00
# Visual Studio 15
VisualStudioVersion = 15.0.27130.2036
MinimumVisualStudioVersion = 10.0.40219.1
Project("{FAE04EC0-301F-11D3-BF4B-00C04F79EFBC}") = "WormGame", "WormGame\WormGame.csproj", "{7E5509D9-D62E-4666-B378-185F01047EB3}"
EndProject
Project("{FAE04EC0-301F-11D3-BF4B-00C04F79EFBC}") = "GameObjects", "GameObjects\GameObjects.csproj", "{DCFBBAC6-0A38-45FE-A9A2-0EAA5BC79A49}"
EndProject
Global
	GlobalSection(SolutionConfigurationPlatforms) = preSolution
		Debug|Any CPU = Debug|Any CPU
		Release|Any CPU = Release|Any CPU
	EndGlobalSection
	GlobalSection(ProjectConfigurationPlatforms) = postSolution
		{7E5509D9-D62E-4666-B378-185F01047EB3}.Debug|Any CPU.ActiveCfg = Debug|Any CPU
		{7E5509D9-D62E-4666-B378-185F01047EB3}.Debug|Any CPU.Build.0 = Debug|Any CPU
		{7E5509D9-D62E-4666-B378-185F01047EB3}.Release|Any CPU.ActiveCfg = Release|Any CPU
		{7E5509D9-D62E-4666-B378-185F01047EB3}.Release|Any CPU.Build.0 = Release|Any CPU
		{DCFBBAC6-0A38-45FE-A9A2-0EAA5BC79A49}.Debug|Any CPU.ActiveCfg = Debug|Any CPU
		{DCFBBAC6-0A38-45FE-A9A2-0EAA5BC79A49}.Debug|Any CPU.Build.0 = Debug|Any CPU
		{DCFBBAC6-0A38-45FE-A9A2-0EAA5BC79A49}.Release|Any CPU.ActiveCfg = Release|Any CPU
		{DCFBBAC6-0A38-45FE-A9A2-0EAA5BC79A49}.Release|Any CPU.Build.0 = Release|Any CPU
	EndGlobalSection
	GlobalSection(SolutionProperties) = preSolution
		HideSolutionNode = FALSE
	EndGlobalSection
	GlobalSection(ExtensibilityGlobals) = postSolution
		SolutionGuid = {F4833418-25CE-426D-815A-D5B0F1D16B82}
	EndGlobalSection
EndGlobal
